{
    "name": "node-red-project",
    "version": "0.0.1",
    "lockfileVersion": 2,
    "requires": true,
    "packages": {
        "": {
            "name": "node-red-project",
            "version": "0.0.1",
            "dependencies": {
                "node-red-contrib-msg-resend": "~1.0.0"
            }
        },
        "node_modules/node-red-contrib-msg-resend": {
            "version": "1.0.0",
            "resolved": "https://registry.npmjs.org/node-red-contrib-msg-resend/-/node-red-contrib-msg-resend-1.0.0.tgz",
            "integrity": "sha512-w4XjCk5rSsQEm3+2k4i4E1iZNTLMn8aaQg2NFlTrYFE7CXk/B1Mw0iOeOG7FDNB4Z30qDVcuAx2gXeT/S5K3Kg=="
        }
    },
    "dependencies": {
        "node-red-contrib-msg-resend": {
            "version": "1.0.0",
            "resolved": "https://registry.npmjs.org/node-red-contrib-msg-resend/-/node-red-contrib-msg-resend-1.0.0.tgz",
            "integrity": "sha512-w4XjCk5rSsQEm3+2k4i4E1iZNTLMn8aaQg2NFlTrYFE7CXk/B1Mw0iOeOG7FDNB4Z30qDVcuAx2gXeT/S5K3Kg=="
        }
    }
}
